
Microsoft Visual Studio Solution File, Format Version 12.00
# Visual Studio 15
VisualStudioVersion = 15.0.28307.902
MinimumVisualStudioVersion = 10.0.40219.1
Project("{FAE04EC0-301F-11D3-BF4B-00C04F79EFBC}") = "JudgeShape", "JudgeShape\JudgeShape.csproj", "{827C961D-B213-4FC4-BC94-B93139979318}"
EndProject
Global
	GlobalSection(SolutionConfigurationPlatforms) = preSolution
		Debug|Any CPU = Debug|Any CPU
		Release|Any CPU = Release|Any CPU
	EndGlobalSection
	GlobalSection(ProjectConfigurationPlatforms) = postSolution
		{827C961D-B213-4FC4-BC94-B93139979318}.Debug|Any CPU.ActiveCfg = Debug|Any CPU
		{827C961D-B213-4FC4-BC94-B93139979318}.Debug|Any CPU.Build.0 = Debug|Any CPU
		{827C961D-B213-4FC4-BC94-B93139979318}.Release|Any CPU.ActiveCfg = Release|Any CPU
		{827C961D-B213-4FC4-BC94-B93139979318}.Release|Any CPU.Build.0 = Release|Any CPU
	EndGlobalSection
	GlobalSection(SolutionProperties) = preSolution
		HideSolutionNode = FALSE
	EndGlobalSection
	GlobalSection(ExtensibilityGlobals) = postSolution
		SolutionGuid = {CCDB919F-C92A-4C54-81C0-CD6D3690E680}
	EndGlobalSection
EndGlobal
