
Microsoft Visual Studio Solution File, Format Version 12.00
# Visual Studio 15
VisualStudioVersion = 15.0.28307.902
MinimumVisualStudioVersion = 10.0.40219.1
Project("{FAE04EC0-301F-11D3-BF4B-00C04F79EFBC}") = "caculator1", "caculator1\caculator1.csproj", "{4B195707-459F-4ED7-B314-795D6FAD7B58}"
EndProject
Global
	GlobalSection(SolutionConfigurationPlatforms) = preSolution
		Debug|Any CPU = Debug|Any CPU
		Release|Any CPU = Release|Any CPU
	EndGlobalSection
	GlobalSection(ProjectConfigurationPlatforms) = postSolution
		{4B195707-459F-4ED7-B314-795D6FAD7B58}.Debug|Any CPU.ActiveCfg = Debug|Any CPU
		{4B195707-459F-4ED7-B314-795D6FAD7B58}.Debug|Any CPU.Build.0 = Debug|Any CPU
		{4B195707-459F-4ED7-B314-795D6FAD7B58}.Release|Any CPU.ActiveCfg = Release|Any CPU
		{4B195707-459F-4ED7-B314-795D6FAD7B58}.Release|Any CPU.Build.0 = Release|Any CPU
	EndGlobalSection
	GlobalSection(SolutionProperties) = preSolution
		HideSolutionNode = FALSE
	EndGlobalSection
	GlobalSection(ExtensibilityGlobals) = postSolution
		SolutionGuid = {428B6DC0-A724-4A48-AC32-041518923AE8}
	EndGlobalSection
EndGlobal
